
Microsoft Visual Studio Solution File, Format Version 12.00
# Visual Studio 15
VisualStudioVersion = 15.0.28010.2003
MinimumVisualStudioVersion = 10.0.40219.1
Project("{FAE04EC0-301F-11D3-BF4B-00C04F79EFBC}") = "Design-Pattern-Practices", "Design-Pattern-Practices\Design-Pattern-Practices.csproj", "{53ADFBEB-EB84-42F4-9538-83A64C48840B}"
EndProject
Global
	GlobalSection(SolutionConfigurationPlatforms) = preSolution
		Debug|Any CPU = Debug|Any CPU
		Release|Any CPU = Release|Any CPU
	EndGlobalSection
	GlobalSection(ProjectConfigurationPlatforms) = postSolution
		{53ADFBEB-EB84-42F4-9538-83A64C48840B}.Debug|Any CPU.ActiveCfg = Debug|Any CPU
		{53ADFBEB-EB84-42F4-9538-83A64C48840B}.Debug|Any CPU.Build.0 = Debug|Any CPU
		{53ADFBEB-EB84-42F4-9538-83A64C48840B}.Release|Any CPU.ActiveCfg = Release|Any CPU
		{53ADFBEB-EB84-42F4-9538-83A64C48840B}.Release|Any CPU.Build.0 = Release|Any CPU
	EndGlobalSection
	GlobalSection(SolutionProperties) = preSolution
		HideSolutionNode = FALSE
	EndGlobalSection
	GlobalSection(ExtensibilityGlobals) = postSolution
		SolutionGuid = {E3CD5345-6228-4BF5-8B1C-704C93A16EEE}
	EndGlobalSection
EndGlobal
